{
  "nodes": {
    "base16-schemes": {
      "flake": false,
      "locked": {
        "lastModified": 1696158499,
        "narHash": "sha256-5yIHgDTPjoX/3oDEfLSQ0eJZdFL1SaCfb9d6M0RmOTM=",
        "owner": "tinted-theming",
        "repo": "base16-schemes",
        "rev": "a9112eaae86d9dd8ee6bb9445b664fba2f94037a",
        "type": "github"
      },
      "original": {
        "owner": "tinted-theming",
        "repo": "base16-schemes",
        "type": "github"
      }
    },
    "fenix": {
      "inputs": {
        "nixpkgs": [
          "nixpkgs"
        ],
        "rust-analyzer-src": "rust-analyzer-src"
      },
      "locked": {
        "lastModified": 1717396054,
        "narHash": "sha256-kv6DlD1pSvlIG8vOqHBhpquH/7OAa9f5tDoYUlHK0zQ=",
        "owner": "nix-community",
        "repo": "fenix",
        "rev": "287ad8ef730c3bdbfbd643dca8bc4d3ff15fad84",
        "type": "github"
      },
      "original": {
        "owner": "nix-community",
        "repo": "fenix",
        "type": "github"
      }
    },
    "home-manager": {
      "inputs": {
        "nixpkgs": [
          "nixpkgs"
        ]
      },
      "locked": {
        "lastModified": 1716736833,
        "narHash": "sha256-rNObca6dm7Qs524O4st8VJH6pZ/Xe1gxl+Rx6mcWYo0=",
        "owner": "nix-community",
        "repo": "home-manager",
        "rev": "a631666f5ec18271e86a5cde998cba68c33d9ac6",
        "type": "github"
      },
      "original": {
        "owner": "nix-community",
        "ref": "release-24.05",
        "repo": "home-manager",
        "type": "github"
      }
    },
    "nix-colors": {
      "inputs": {
        "base16-schemes": "base16-schemes",
        "nixpkgs-lib": "nixpkgs-lib"
      },
      "locked": {
        "lastModified": 1707825078,
        "narHash": "sha256-hTfge2J2W+42SZ7VHXkf4kjU+qzFqPeC9k66jAUBMHk=",
        "owner": "misterio77",
        "repo": "nix-colors",
        "rev": "b01f024090d2c4fc3152cd0cf12027a7b8453ba1",
        "type": "github"
      },
      "original": {
        "owner": "misterio77",
        "repo": "nix-colors",
        "type": "github"
      }
    },
    "nixpkgs": {
      "locked": {
        "lastModified": 1717144377,
        "narHash": "sha256-F/TKWETwB5RaR8owkPPi+SPJh83AQsm6KrQAlJ8v/uA=",
        "owner": "NixOS",
        "repo": "nixpkgs",
        "rev": "805a384895c696f802a9bf5bf4720f37385df547",
        "type": "github"
      },
      "original": {
        "owner": "NixOS",
        "ref": "nixos-24.05",
        "repo": "nixpkgs",
        "type": "github"
      }
    },
    "nixpkgs-lib": {
      "locked": {
        "lastModified": 1697935651,
        "narHash": "sha256-qOfWjQ2JQSQL15KLh6D7xQhx0qgZlYZTYlcEiRuAMMw=",
        "owner": "nix-community",
        "repo": "nixpkgs.lib",
        "rev": "e1e11fdbb01113d85c7f41cada9d2847660e3902",
        "type": "github"
      },
      "original": {
        "owner": "nix-community",
        "repo": "nixpkgs.lib",
        "type": "github"
      }
    },
    "nur": {
      "locked": {
        "lastModified": 1717419588,
        "narHash": "sha256-epcKkKreQfaDGBnWuz4SwXJNuimr9/yM9R1M1JFtGVM=",
        "owner": "nix-community",
        "repo": "NUR",
        "rev": "ee20ffa793ad99eac49e1ca92747a80129cd80c5",
        "type": "github"
      },
      "original": {
        "owner": "nix-community",
        "repo": "NUR",
        "type": "github"
      }
    },
    "root": {
      "inputs": {
        "fenix": "fenix",
        "home-manager": "home-manager",
        "nix-colors": "nix-colors",
        "nixpkgs": "nixpkgs",
        "nur": "nur"
      }
    },
    "rust-analyzer-src": {
      "flake": false,
      "locked": {
        "lastModified": 1717356655,
        "narHash": "sha256-7ZKcQoNc4Od+oXdZQdTDbaPRpKW64WH0adSBlqzqWHU=",
        "owner": "rust-lang",
        "repo": "rust-analyzer",
        "rev": "7852a4c775375f438c4ab13c760c69200d8099b4",
        "type": "github"
      },
      "original": {
        "owner": "rust-lang",
        "ref": "nightly",
        "repo": "rust-analyzer",
        "type": "github"
      }
    }
  },
  "root": "root",
  "version": 7
}
